
Microsoft Visual Studio Solution File, Format Version 12.00
# Visual Studio Version 17
VisualStudioVersion = 17.7.34031.279
MinimumVisualStudioVersion = 10.0.40219.1
Project("{FAE04EC0-301F-11D3-BF4B-00C04F79EFBC}") = "OOB FINAL", "OOB FINAL\OOB FINAL.csproj", "{978250F0-ABD8-42F9-BF64-69106DE6192F}"
EndProject
Global
	GlobalSection(SolutionConfigurationPlatforms) = preSolution
		Debug|Any CPU = Debug|Any CPU
		Release|Any CPU = Release|Any CPU
	EndGlobalSection
	GlobalSection(ProjectConfigurationPlatforms) = postSolution
		{978250F0-ABD8-42F9-BF64-69106DE6192F}.Debug|Any CPU.ActiveCfg = Debug|Any CPU
		{978250F0-ABD8-42F9-BF64-69106DE6192F}.Debug|Any CPU.Build.0 = Debug|Any CPU
		{978250F0-ABD8-42F9-BF64-69106DE6192F}.Release|Any CPU.ActiveCfg = Release|Any CPU
		{978250F0-ABD8-42F9-BF64-69106DE6192F}.Release|Any CPU.Build.0 = Release|Any CPU
	EndGlobalSection
	GlobalSection(SolutionProperties) = preSolution
		HideSolutionNode = FALSE
	EndGlobalSection
	GlobalSection(ExtensibilityGlobals) = postSolution
		SolutionGuid = {50B5AF3D-AA79-44E5-AFB7-EBC30412225B}
	EndGlobalSection
EndGlobal
